github.com/goccy/go-yaml v1.19.2 h1:PmFC1S6h8ljIz6gMRBopkjP1TVT7xuwrButHID66PoM=
github.com/goccy/go-yaml v1.19.2/go.mod h1:XBurs7gK8ATbW4ZPGKgcbrY1Br56PdM69F7LkFRi1kA=
github.com/shoce/tg v0.260517.824 h1:Pu3QuvbM1EAHGsKsvHb08Sb/46d5yy+d2v5s8U9Bo8k=
github.com/shoce/tg v0.260517.824/go.mod h1:0DTDEtKAWA6Qmpvm0tscXVmIgu2JNyNMGXP97XxovgY=
